<Solution>
  <Folder Name="/benchmarks/">
    <Project Path="benchmarks/Verifast.Benchmarks/Verifast.Benchmarks.csproj" />
  </Folder>
  <Folder Name="/src/">
    <Project Path="src/Verifast/Verifast.csproj" />
  </Folder>
  <Folder Name="/tests/">
    <Project Path="tests/Verifast.Tests.Unit/Verifast.Tests.Unit.csproj" />
  </Folder>
</Solution>
